
Microsoft Visual Studio Solution File, Format Version 12.00
# Visual Studio 15
VisualStudioVersion = 15.0.28307.705
MinimumVisualStudioVersion = 10.0.40219.1
Project("{FAE04EC0-301F-11D3-BF4B-00C04F79EFBC}") = "SuperAdventure", "SuperAdventure\SuperAdventure.csproj", "{8FEDE0BF-C979-4501-A6D2-1E4F53678347}"
EndProject
Project("{FAE04EC0-301F-11D3-BF4B-00C04F79EFBC}") = "Engine", "Engine\Engine.csproj", "{CDC2FD6D-F47C-4F82-A650-D3B24BBC882C}"
EndProject
Global
	GlobalSection(SolutionConfigurationPlatforms) = preSolution
		Debug|Any CPU = Debug|Any CPU
		Release|Any CPU = Release|Any CPU
	EndGlobalSection
	GlobalSection(ProjectConfigurationPlatforms) = postSolution
		{8FEDE0BF-C979-4501-A6D2-1E4F53678347}.Debug|Any CPU.ActiveCfg = Debug|Any CPU
		{8FEDE0BF-C979-4501-A6D2-1E4F53678347}.Debug|Any CPU.Build.0 = Debug|Any CPU
		{8FEDE0BF-C979-4501-A6D2-1E4F53678347}.Release|Any CPU.ActiveCfg = Release|Any CPU
		{8FEDE0BF-C979-4501-A6D2-1E4F53678347}.Release|Any CPU.Build.0 = Release|Any CPU
		{CDC2FD6D-F47C-4F82-A650-D3B24BBC882C}.Debug|Any CPU.ActiveCfg = Debug|Any CPU
		{CDC2FD6D-F47C-4F82-A650-D3B24BBC882C}.Debug|Any CPU.Build.0 = Debug|Any CPU
		{CDC2FD6D-F47C-4F82-A650-D3B24BBC882C}.Release|Any CPU.ActiveCfg = Release|Any CPU
		{CDC2FD6D-F47C-4F82-A650-D3B24BBC882C}.Release|Any CPU.Build.0 = Release|Any CPU
	EndGlobalSection
	GlobalSection(SolutionProperties) = preSolution
		HideSolutionNode = FALSE
	EndGlobalSection
	GlobalSection(ExtensibilityGlobals) = postSolution
		SolutionGuid = {08FDA7EF-5BE3-48B5-9546-9C664A5115C1}
	EndGlobalSection
EndGlobal
